
Microsoft Visual Studio Solution File, Format Version 12.00
# Visual Studio Version 17
VisualStudioVersion = 17.10.35122.118
MinimumVisualStudioVersion = 10.0.40219.1
Project("{FAE04EC0-301F-11D3-BF4B-00C04F79EFBC}") = "WebApi", "WebApi.csproj", "{4D3F3815-B000-49DA-8EC9-9471BFF51CDA}"
EndProject
Global
	GlobalSection(SolutionConfigurationPlatforms) = preSolution
		Debug|Any CPU = Debug|Any CPU
		Release|Any CPU = Release|Any CPU
	EndGlobalSection
	GlobalSection(ProjectConfigurationPlatforms) = postSolution
		{4D3F3815-B000-49DA-8EC9-9471BFF51CDA}.Debug|Any CPU.ActiveCfg = Debug|Any CPU
		{4D3F3815-B000-49DA-8EC9-9471BFF51CDA}.Debug|Any CPU.Build.0 = Debug|Any CPU
		{4D3F3815-B000-49DA-8EC9-9471BFF51CDA}.Debug|Any CPU.Deploy.0 = Debug|Any CPU
		{4D3F3815-B000-49DA-8EC9-9471BFF51CDA}.Release|Any CPU.ActiveCfg = Release|Any CPU
		{4D3F3815-B000-49DA-8EC9-9471BFF51CDA}.Release|Any CPU.Build.0 = Release|Any CPU
		{4D3F3815-B000-49DA-8EC9-9471BFF51CDA}.Release|Any CPU.Deploy.0 = Release|Any CPU
	EndGlobalSection
	GlobalSection(SolutionProperties) = preSolution
		HideSolutionNode = FALSE
	EndGlobalSection
	GlobalSection(ExtensibilityGlobals) = postSolution
		SolutionGuid = {EAF2244F-D6CE-4510-B9C4-A7E3A0A0767D}
	EndGlobalSection
EndGlobal
